
Microsoft Visual Studio Solution File, Format Version 12.00
# Visual Studio 15
VisualStudioVersion = 15.0.28307.329
MinimumVisualStudioVersion = 10.0.40219.1
Project("{FAE04EC0-301F-11D3-BF4B-00C04F79EFBC}") = "DLLWatcher", "DLLWatcher\DLLWatcher.csproj", "{4E61F8CC-2CAA-49DB-81B3-6EE9BB089C56}"
EndProject
Global
	GlobalSection(SolutionConfigurationPlatforms) = preSolution
		Debug|Any CPU = Debug|Any CPU
		Release|Any CPU = Release|Any CPU
	EndGlobalSection
	GlobalSection(ProjectConfigurationPlatforms) = postSolution
		{4E61F8CC-2CAA-49DB-81B3-6EE9BB089C56}.Debug|Any CPU.ActiveCfg = Debug|Any CPU
		{4E61F8CC-2CAA-49DB-81B3-6EE9BB089C56}.Debug|Any CPU.Build.0 = Debug|Any CPU
		{4E61F8CC-2CAA-49DB-81B3-6EE9BB089C56}.Release|Any CPU.ActiveCfg = Release|Any CPU
		{4E61F8CC-2CAA-49DB-81B3-6EE9BB089C56}.Release|Any CPU.Build.0 = Release|Any CPU
	EndGlobalSection
	GlobalSection(SolutionProperties) = preSolution
		HideSolutionNode = FALSE
	EndGlobalSection
	GlobalSection(ExtensibilityGlobals) = postSolution
		SolutionGuid = {5595AED1-F829-4FE7-9A96-18E1DA3DBB33}
	EndGlobalSection
EndGlobal
